
Microsoft Visual Studio Solution File, Format Version 12.00
# Visual Studio Version 16
VisualStudioVersion = 16.0.28407.52
MinimumVisualStudioVersion = 10.0.40219.1
Project("{9A19103F-16F7-4668-BE54-9A1E7A4F7556}") = "CodeGenerator", "CodeGenerator\CodeGenerator.csproj", "{1E514EBE-1677-4796-8C28-2C60AD667AFF}"
EndProject
Global
	GlobalSection(SolutionConfigurationPlatforms) = preSolution
		Debug|Any CPU = Debug|Any CPU
		Release|Any CPU = Release|Any CPU
	EndGlobalSection
	GlobalSection(ProjectConfigurationPlatforms) = postSolution
		{1E514EBE-1677-4796-8C28-2C60AD667AFF}.Debug|Any CPU.ActiveCfg = Debug|Any CPU
		{1E514EBE-1677-4796-8C28-2C60AD667AFF}.Debug|Any CPU.Build.0 = Debug|Any CPU
		{1E514EBE-1677-4796-8C28-2C60AD667AFF}.Release|Any CPU.ActiveCfg = Release|Any CPU
		{1E514EBE-1677-4796-8C28-2C60AD667AFF}.Release|Any CPU.Build.0 = Release|Any CPU
	EndGlobalSection
	GlobalSection(SolutionProperties) = preSolution
		HideSolutionNode = FALSE
	EndGlobalSection
	GlobalSection(ExtensibilityGlobals) = postSolution
		SolutionGuid = {E84E9F97-076B-4F75-A338-C2B989D3FE15}
	EndGlobalSection
EndGlobal
