
Microsoft Visual Studio Solution File, Format Version 11.00
# Visual Studio 2010
Project("{FAE04EC0-301F-11D3-BF4B-00C04F79EFBC}") = "EvilDicom", "EvilDicom\EvilDicom.csproj", "{42E032E3-DAFE-4083-806E-C88C4266220E}"
EndProject
Global
	GlobalSection(SolutionConfigurationPlatforms) = preSolution
		Debug|Any CPU = Debug|Any CPU
		Debug|Mixed Platforms = Debug|Mixed Platforms
		Debug|x86 = Debug|x86
		Release|Any CPU = Release|Any CPU
		Release|Mixed Platforms = Release|Mixed Platforms
		Release|x86 = Release|x86
	EndGlobalSection
	GlobalSection(ProjectConfigurationPlatforms) = postSolution
		{42E032E3-DAFE-4083-806E-C88C4266220E}.Debug|Any CPU.ActiveCfg = Debug|Any CPU
		{42E032E3-DAFE-4083-806E-C88C4266220E}.Debug|Any CPU.Build.0 = Debug|Any CPU
		{42E032E3-DAFE-4083-806E-C88C4266220E}.Debug|Mixed Platforms.ActiveCfg = Debug|Any CPU
		{42E032E3-DAFE-4083-806E-C88C4266220E}.Debug|Mixed Platforms.Build.0 = Debug|Any CPU
		{42E032E3-DAFE-4083-806E-C88C4266220E}.Debug|x86.ActiveCfg = Debug|Any CPU
		{42E032E3-DAFE-4083-806E-C88C4266220E}.Release|Any CPU.ActiveCfg = Release|Any CPU
		{42E032E3-DAFE-4083-806E-C88C4266220E}.Release|Any CPU.Build.0 = Release|Any CPU
		{42E032E3-DAFE-4083-806E-C88C4266220E}.Release|Mixed Platforms.ActiveCfg = Release|Any CPU
		{42E032E3-DAFE-4083-806E-C88C4266220E}.Release|Mixed Platforms.Build.0 = Release|Any CPU
		{42E032E3-DAFE-4083-806E-C88C4266220E}.Release|x86.ActiveCfg = Release|Any CPU
	EndGlobalSection
	GlobalSection(SolutionProperties) = preSolution
		HideSolutionNode = FALSE
	EndGlobalSection
EndGlobal
