
Microsoft Visual Studio Solution File, Format Version 12.00
# Visual Studio Version 16
VisualStudioVersion = 16.0.29806.167
MinimumVisualStudioVersion = 10.0.40219.1
Project("{2150E333-8FDC-42A3-9474-1A3956D46DE8}") = "Unit Tests", "Unit Tests", "{318EC35D-D2B1-485B-84FA-8D815BFF71BE}"
EndProject
Project("{9A19103F-16F7-4668-BE54-9A1E7A4F7556}") = "EvilDICOM", "EvilDICOM\EvilDICOM.csproj", "{FA12D6C4-3352-40AC-BB4B-E97C54001303}"
EndProject
Project("{FAE04EC0-301F-11D3-BF4B-00C04F79EFBC}") = "EvilDICOM.CV", "EvilDICOM.CV\EvilDICOM.CV.csproj", "{B507D750-DA2F-44BE-BB9E-20E5BAC37DBE}"
EndProject
Project("{FAE04EC0-301F-11D3-BF4B-00C04F79EFBC}") = "EvilDICOM.DocFx", "EvilDICOM.DocFx\EvilDICOM.DocFx.csproj", "{9A33DD97-176C-4D67-B6B9-F4AD35D1CDCA}"
EndProject
Global
	GlobalSection(SolutionConfigurationPlatforms) = preSolution
		Debug|Any CPU = Debug|Any CPU
		Release|Any CPU = Release|Any CPU
	EndGlobalSection
	GlobalSection(ProjectConfigurationPlatforms) = postSolution
		{FA12D6C4-3352-40AC-BB4B-E97C54001303}.Debug|Any CPU.ActiveCfg = Debug|Any CPU
		{FA12D6C4-3352-40AC-BB4B-E97C54001303}.Debug|Any CPU.Build.0 = Debug|Any CPU
		{FA12D6C4-3352-40AC-BB4B-E97C54001303}.Release|Any CPU.ActiveCfg = Release|Any CPU
		{FA12D6C4-3352-40AC-BB4B-E97C54001303}.Release|Any CPU.Build.0 = Release|Any CPU
		{B507D750-DA2F-44BE-BB9E-20E5BAC37DBE}.Debug|Any CPU.ActiveCfg = Debug|Any CPU
		{B507D750-DA2F-44BE-BB9E-20E5BAC37DBE}.Debug|Any CPU.Build.0 = Debug|Any CPU
		{B507D750-DA2F-44BE-BB9E-20E5BAC37DBE}.Release|Any CPU.ActiveCfg = Release|Any CPU
		{B507D750-DA2F-44BE-BB9E-20E5BAC37DBE}.Release|Any CPU.Build.0 = Release|Any CPU
		{9A33DD97-176C-4D67-B6B9-F4AD35D1CDCA}.Debug|Any CPU.ActiveCfg = Debug|Any CPU
		{9A33DD97-176C-4D67-B6B9-F4AD35D1CDCA}.Debug|Any CPU.Build.0 = Debug|Any CPU
		{9A33DD97-176C-4D67-B6B9-F4AD35D1CDCA}.Release|Any CPU.ActiveCfg = Release|Any CPU
		{9A33DD97-176C-4D67-B6B9-F4AD35D1CDCA}.Release|Any CPU.Build.0 = Release|Any CPU
	EndGlobalSection
	GlobalSection(SolutionProperties) = preSolution
		HideSolutionNode = FALSE
	EndGlobalSection
	GlobalSection(ExtensibilityGlobals) = postSolution
		SolutionGuid = {AE2DE054-070D-43E7-B5A3-B76F4DF0D93C}
	EndGlobalSection
EndGlobal
