
Microsoft Visual Studio Solution File, Format Version 12.00
# Visual Studio Version 16
VisualStudioVersion = 16.0.28407.52
MinimumVisualStudioVersion = 10.0.40219.1
Project("{2150E333-8FDC-42A3-9474-1A3956D46DE8}") = "Unit Tests", "Unit Tests", "{318EC35D-D2B1-485B-84FA-8D815BFF71BE}"
EndProject
Project("{9A19103F-16F7-4668-BE54-9A1E7A4F7556}") = "EvilDICOMTests", "EvilDICOMTests\EvilDICOMTests.csproj", "{E3C69FD5-9C5A-4C9D-B44C-A6C82A7510E1}"
EndProject
Project("{9A19103F-16F7-4668-BE54-9A1E7A4F7556}") = "EvilDICOM", "EvilDICOM\EvilDICOM.csproj", "{3EF6CD55-D565-40F2-88E6-C0007C1B72E2}"
EndProject
Project("{9A19103F-16F7-4668-BE54-9A1E7A4F7556}") = "CodeGenerator", "CodeGenCore\CodeGenerator.csproj", "{B19FD2FB-B48A-43A7-8780-05777A9BDC1E}"
EndProject
Project("{9A19103F-16F7-4668-BE54-9A1E7A4F7556}") = "CodeGeneratorTests", "CodeGenTests\CodeGeneratorTests.csproj", "{C5D75685-1D68-4E07-B29D-C6A28D52F82E}"
EndProject
Global
	GlobalSection(SolutionConfigurationPlatforms) = preSolution
		Debug|Any CPU = Debug|Any CPU
		Release|Any CPU = Release|Any CPU
	EndGlobalSection
	GlobalSection(ProjectConfigurationPlatforms) = postSolution
		{E3C69FD5-9C5A-4C9D-B44C-A6C82A7510E1}.Debug|Any CPU.ActiveCfg = Debug|Any CPU
		{E3C69FD5-9C5A-4C9D-B44C-A6C82A7510E1}.Debug|Any CPU.Build.0 = Debug|Any CPU
		{E3C69FD5-9C5A-4C9D-B44C-A6C82A7510E1}.Release|Any CPU.ActiveCfg = Debug|Any CPU
		{E3C69FD5-9C5A-4C9D-B44C-A6C82A7510E1}.Release|Any CPU.Build.0 = Debug|Any CPU
		{3EF6CD55-D565-40F2-88E6-C0007C1B72E2}.Debug|Any CPU.ActiveCfg = Debug|Any CPU
		{3EF6CD55-D565-40F2-88E6-C0007C1B72E2}.Debug|Any CPU.Build.0 = Debug|Any CPU
		{3EF6CD55-D565-40F2-88E6-C0007C1B72E2}.Release|Any CPU.ActiveCfg = Release|Any CPU
		{3EF6CD55-D565-40F2-88E6-C0007C1B72E2}.Release|Any CPU.Build.0 = Release|Any CPU
		{B19FD2FB-B48A-43A7-8780-05777A9BDC1E}.Debug|Any CPU.ActiveCfg = Debug|Any CPU
		{B19FD2FB-B48A-43A7-8780-05777A9BDC1E}.Debug|Any CPU.Build.0 = Debug|Any CPU
		{B19FD2FB-B48A-43A7-8780-05777A9BDC1E}.Release|Any CPU.ActiveCfg = Release|Any CPU
		{B19FD2FB-B48A-43A7-8780-05777A9BDC1E}.Release|Any CPU.Build.0 = Release|Any CPU
		{C5D75685-1D68-4E07-B29D-C6A28D52F82E}.Debug|Any CPU.ActiveCfg = Debug|Any CPU
		{C5D75685-1D68-4E07-B29D-C6A28D52F82E}.Debug|Any CPU.Build.0 = Debug|Any CPU
		{C5D75685-1D68-4E07-B29D-C6A28D52F82E}.Release|Any CPU.ActiveCfg = Release|Any CPU
		{C5D75685-1D68-4E07-B29D-C6A28D52F82E}.Release|Any CPU.Build.0 = Release|Any CPU
	EndGlobalSection
	GlobalSection(SolutionProperties) = preSolution
		HideSolutionNode = FALSE
	EndGlobalSection
	GlobalSection(NestedProjects) = preSolution
		{E3C69FD5-9C5A-4C9D-B44C-A6C82A7510E1} = {318EC35D-D2B1-485B-84FA-8D815BFF71BE}
		{C5D75685-1D68-4E07-B29D-C6A28D52F82E} = {318EC35D-D2B1-485B-84FA-8D815BFF71BE}
	EndGlobalSection
	GlobalSection(ExtensibilityGlobals) = postSolution
		SolutionGuid = {AE2DE054-070D-43E7-B5A3-B76F4DF0D93C}
	EndGlobalSection
EndGlobal
