
Microsoft Visual Studio Solution File, Format Version 12.00
# Visual Studio 2013
VisualStudioVersion = 12.0.31101.0
MinimumVisualStudioVersion = 10.0.40219.1
Project("{FAE04EC0-301F-11D3-BF4B-00C04F79EFBC}") = "EvilDICOM", "EvilDICOM\EvilDICOM.csproj", "{B86EEB40-2971-4EC2-B1B2-A779F7364489}"
EndProject
Project("{2150E333-8FDC-42A3-9474-1A3956D46DE8}") = "Unit Tests", "Unit Tests", "{318EC35D-D2B1-485B-84FA-8D815BFF71BE}"
EndProject
Project("{FAE04EC0-301F-11D3-BF4B-00C04F79EFBC}") = "EvilDICOMTests", "EvilDICOMTests\EvilDICOMTests.csproj", "{E3C69FD5-9C5A-4C9D-B44C-A6C82A7510E1}"
EndProject
Global
	GlobalSection(SolutionConfigurationPlatforms) = preSolution
		Debug|Any CPU = Debug|Any CPU
		Release|Any CPU = Release|Any CPU
	EndGlobalSection
	GlobalSection(ProjectConfigurationPlatforms) = postSolution
		{B86EEB40-2971-4EC2-B1B2-A779F7364489}.Debug|Any CPU.ActiveCfg = Debug|Any CPU
		{B86EEB40-2971-4EC2-B1B2-A779F7364489}.Debug|Any CPU.Build.0 = Debug|Any CPU
		{B86EEB40-2971-4EC2-B1B2-A779F7364489}.Release|Any CPU.ActiveCfg = Release|Any CPU
		{B86EEB40-2971-4EC2-B1B2-A779F7364489}.Release|Any CPU.Build.0 = Release|Any CPU
		{E3C69FD5-9C5A-4C9D-B44C-A6C82A7510E1}.Debug|Any CPU.ActiveCfg = Debug|Any CPU
		{E3C69FD5-9C5A-4C9D-B44C-A6C82A7510E1}.Debug|Any CPU.Build.0 = Debug|Any CPU
		{E3C69FD5-9C5A-4C9D-B44C-A6C82A7510E1}.Release|Any CPU.ActiveCfg = Release|Any CPU
		{E3C69FD5-9C5A-4C9D-B44C-A6C82A7510E1}.Release|Any CPU.Build.0 = Release|Any CPU
	EndGlobalSection
	GlobalSection(SolutionProperties) = preSolution
		HideSolutionNode = FALSE
	EndGlobalSection
	GlobalSection(NestedProjects) = preSolution
		{E3C69FD5-9C5A-4C9D-B44C-A6C82A7510E1} = {318EC35D-D2B1-485B-84FA-8D815BFF71BE}
	EndGlobalSection
EndGlobal
